
Microsoft Visual Studio Solution File, Format Version 12.00
Project("{2150E333-8FDC-42A3-9474-1A3956D46DE8}") = "Tests", "Tests", "{A75CE6C6-83AF-4B05-9199-995101B2EFFB}"
EndProject
Project("{FAE04EC0-301F-11D3-BF4B-00C04F79EFBC}") = "SuperTracker.PixelService", "SuperTracker.PixelService\SuperTracker.PixelService.csproj", "{529B3893-BD5B-4AB6-98FA-213ACA2FA0B1}"
EndProject
Project("{FAE04EC0-301F-11D3-BF4B-00C04F79EFBC}") = "SuperTracker.Domain", "SuperTracker.Domain\SuperTracker.Domain.csproj", "{E34946A1-1362-4E71-84AE-D61815C1550A}"
EndProject
Project("{FAE04EC0-301F-11D3-BF4B-00C04F79EFBC}") = "SuperTracker.StorageService", "SuperTracker.StorageService\SuperTracker.StorageService.csproj", "{91E5F0EF-B937-4FAC-9A6B-30E99519C05C}"
EndProject
Project("{FAE04EC0-301F-11D3-BF4B-00C04F79EFBC}") = "SuperTracker.PixesService.Integration.Tests", "SuperTracker.PixesService.Integration.Tests\SuperTracker.PixesService.Integration.Tests.csproj", "{0B9C38C6-9998-4CD6-8BF5-0F0774C240F0}"
EndProject
Project("{FAE04EC0-301F-11D3-BF4B-00C04F79EFBC}") = "SuperTracker.PixelService.Tests", "SuperTracker.PixelService.Tests\SuperTracker.PixelService.Tests.csproj", "{BE779445-12FC-4690-B16A-117F6A243BA0}"
EndProject
Project("{FAE04EC0-301F-11D3-BF4B-00C04F79EFBC}") = "SuperTracker.StorageService.Tests", "SuperTracker.StorageService.Tests\SuperTracker.StorageService.Tests.csproj", "{394A84B8-A9A8-4672-AA9D-DC88A9541512}"
EndProject
Global
	GlobalSection(SolutionConfigurationPlatforms) = preSolution
		Debug|Any CPU = Debug|Any CPU
		Release|Any CPU = Release|Any CPU
	EndGlobalSection
	GlobalSection(ProjectConfigurationPlatforms) = postSolution
		{529B3893-BD5B-4AB6-98FA-213ACA2FA0B1}.Debug|Any CPU.ActiveCfg = Debug|Any CPU
		{529B3893-BD5B-4AB6-98FA-213ACA2FA0B1}.Debug|Any CPU.Build.0 = Debug|Any CPU
		{529B3893-BD5B-4AB6-98FA-213ACA2FA0B1}.Release|Any CPU.ActiveCfg = Release|Any CPU
		{529B3893-BD5B-4AB6-98FA-213ACA2FA0B1}.Release|Any CPU.Build.0 = Release|Any CPU
		{E34946A1-1362-4E71-84AE-D61815C1550A}.Debug|Any CPU.ActiveCfg = Debug|Any CPU
		{E34946A1-1362-4E71-84AE-D61815C1550A}.Debug|Any CPU.Build.0 = Debug|Any CPU
		{E34946A1-1362-4E71-84AE-D61815C1550A}.Release|Any CPU.ActiveCfg = Release|Any CPU
		{E34946A1-1362-4E71-84AE-D61815C1550A}.Release|Any CPU.Build.0 = Release|Any CPU
		{91E5F0EF-B937-4FAC-9A6B-30E99519C05C}.Debug|Any CPU.ActiveCfg = Debug|Any CPU
		{91E5F0EF-B937-4FAC-9A6B-30E99519C05C}.Debug|Any CPU.Build.0 = Debug|Any CPU
		{91E5F0EF-B937-4FAC-9A6B-30E99519C05C}.Release|Any CPU.ActiveCfg = Release|Any CPU
		{91E5F0EF-B937-4FAC-9A6B-30E99519C05C}.Release|Any CPU.Build.0 = Release|Any CPU
		{0B9C38C6-9998-4CD6-8BF5-0F0774C240F0}.Debug|Any CPU.ActiveCfg = Debug|Any CPU
		{0B9C38C6-9998-4CD6-8BF5-0F0774C240F0}.Debug|Any CPU.Build.0 = Debug|Any CPU
		{0B9C38C6-9998-4CD6-8BF5-0F0774C240F0}.Release|Any CPU.ActiveCfg = Release|Any CPU
		{0B9C38C6-9998-4CD6-8BF5-0F0774C240F0}.Release|Any CPU.Build.0 = Release|Any CPU
		{BE779445-12FC-4690-B16A-117F6A243BA0}.Debug|Any CPU.ActiveCfg = Debug|Any CPU
		{BE779445-12FC-4690-B16A-117F6A243BA0}.Debug|Any CPU.Build.0 = Debug|Any CPU
		{BE779445-12FC-4690-B16A-117F6A243BA0}.Release|Any CPU.ActiveCfg = Release|Any CPU
		{BE779445-12FC-4690-B16A-117F6A243BA0}.Release|Any CPU.Build.0 = Release|Any CPU
		{394A84B8-A9A8-4672-AA9D-DC88A9541512}.Debug|Any CPU.ActiveCfg = Debug|Any CPU
		{394A84B8-A9A8-4672-AA9D-DC88A9541512}.Debug|Any CPU.Build.0 = Debug|Any CPU
		{394A84B8-A9A8-4672-AA9D-DC88A9541512}.Release|Any CPU.ActiveCfg = Release|Any CPU
		{394A84B8-A9A8-4672-AA9D-DC88A9541512}.Release|Any CPU.Build.0 = Release|Any CPU
	EndGlobalSection
	GlobalSection(NestedProjects) = preSolution
		{0B9C38C6-9998-4CD6-8BF5-0F0774C240F0} = {A75CE6C6-83AF-4B05-9199-995101B2EFFB}
		{BE779445-12FC-4690-B16A-117F6A243BA0} = {A75CE6C6-83AF-4B05-9199-995101B2EFFB}
		{394A84B8-A9A8-4672-AA9D-DC88A9541512} = {A75CE6C6-83AF-4B05-9199-995101B2EFFB}
	EndGlobalSection
EndGlobal
